// !$*UTF8*$!
{
	archiveVersion = 1;
	classes = {
	};
	objectVersion = 46;
	objects = {

/* Begin PBXBuildFile section */
		341B85A815B950EB007FC45E /* UIKit.framework in Frameworks */ = {isa = PBXBuildFile; fileRef = 341B85A715B950EB007FC45E /* UIKit.framework */; };
		341B85AA15B950EB007FC45E /* Foundation.framework in Frameworks */ = {isa = PBXBuildFile; fileRef = 341B85A915B950EB007FC45E /* Foundation.framework */; };
		341B85AC15B950EB007FC45E /* CoreGraphics.framework in Frameworks */ = {isa = PBXBuildFile; fileRef = 341B85AB15B950EB007FC45E /* CoreGraphics.framework */; };
		341B85B215B950EB007FC45E /* InfoPlist.strings in Resources */ = {isa = PBXBuildFile; fileRef = 341B85B015B950EB007FC45E /* InfoPlist.strings */; };
		341B85B415B950EB007FC45E /* main.m in Sources */ = {isa = PBXBuildFile; fileRef = 341B85B315B950EB007FC45E /* main.m */; };
		341B85B815B950EB007FC45E /* CalculatorAppDelegate.m in Sources */ = {isa = PBXBuildFile; fileRef = 341B85B715B950EB007FC45E /* CalculatorAppDelegate.m */; };
		341B85BB15B950EB007FC45E /* MainStoryboard.storyboard in Resources */ = {isa = PBXBuildFile; fileRef = 341B85B915B950EB007FC45E /* MainStoryboard.storyboard */; };
		341B85BE15B950EB007FC45E /* CalculatorViewController.m in Sources */ = {isa = PBXBuildFile; fileRef = 341B85BD15B950EB007FC45E /* CalculatorViewController.m */; };
		34F8F43815C906A600B06A81 /* CalculatorBrain.m in Sources */ = {isa = PBXBuildFile; fileRef = 34F8F43715C906A600B06A81 /* CalculatorBrain.m */; };
/* End PBXBuildFile section */

/* Begin PBXFileReference section */
		341B85A315B950EB007FC45E /* Calculator.app */ = {isa = PBXFileReference; explicitFileType = wrapper.application; includeInIndex = 0; path = Calculator.app; sourceTree = BUILT_PRODUCTS_DIR; };
		341B85A715B950EB007FC45E /* UIKit.framework */ = {isa = PBXFileReference; lastKnownFileType = wrapper.framework; name = UIKit.framework; path = System/Library/Frameworks/UIKit.framework; sourceTree = SDKROOT; };
		341B85A915B950EB007FC45E /* Foundation.framework */ = {isa = PBXFileReference; lastKnownFileType = wrapper.framework; name = Foundation.framework; path = System/Library/Frameworks/Foundation.framework; sourceTree = SDKROOT; };
		341B85AB15B950EB007FC45E /* CoreGraphics.framework */ = {isa = PBXFileReference; lastKnownFileType = wrapper.framework; name = CoreGraphics.framework; path = System/Library/Frameworks/CoreGraphics.framework; sourceTree = SDKROOT; };
		341B85AF15B950EB007FC45E /* Calculator-Info.plist */ = {isa = PBXFileReference; lastKnownFileType = text.plist.xml; path = "Calculator-Info.plist"; sourceTree = "<group>"; };
		341B85B115B950EB007FC45E /* en */ = {isa = PBXFileReference; lastKnownFileType = text.plist.strings; name = en; path = en.lproj/InfoPlist.strings; sourceTree = "<group>"; };
		341B85B315B950EB007FC45E /* main.m */ = {isa = PBXFileReference; lastKnownFileType = sourcecode.c.objc; path = main.m; sourceTree = "<group>"; };
		341B85B515B950EB007FC45E /* Calculator-Prefix.pch */ = {isa = PBXFileReference; lastKnownFileType = sourcecode.c.h; path = "Calculator-Prefix.pch"; sourceTree = "<group>"; };
		341B85B615B950EB007FC45E /* CalculatorAppDelegate.h */ = {isa = PBXFileReference; lastKnownFileType = sourcecode.c.h; path = CalculatorAppDelegate.h; sourceTree = "<group>"; };
		341B85B715B950EB007FC45E /* CalculatorAppDelegate.m */ = {isa = PBXFileReference; lastKnownFileType = sourcecode.c.objc; path = CalculatorAppDelegate.m; sourceTree = "<group>"; };
		341B85BA15B950EB007FC45E /* en */ = {isa = PBXFileReference; lastKnownFileType = file.storyboard; name = en; path = en.lproj/MainStoryboard.storyboard; sourceTree = "<group>"; };
		341B85BC15B950EB007FC45E /* CalculatorViewController.h */ = {isa = PBXFileReference; lastKnownFileType = sourcecode.c.h; path = CalculatorViewController.h; sourceTree = "<group>"; };
		341B85BD15B950EB007FC45E /* CalculatorViewController.m */ = {isa = PBXFileReference; lastKnownFileType = sourcecode.c.objc; path = CalculatorViewController.m; sourceTree = "<group>"; };
		34F8F43615C906A600B06A81 /* CalculatorBrain.h */ = {isa = PBXFileReference; fileEncoding = 4; lastKnownFileType = sourcecode.c.h; path = CalculatorBrain.h; sourceTree = "<group>"; };
		34F8F43715C906A600B06A81 /* CalculatorBrain.m */ = {isa = PBXFileReference; fileEncoding = 4; lastKnownFileType = sourcecode.c.objc; path = CalculatorBrain.m; sourceTree = "<group>"; };
/* End PBXFileReference section */

/* Begin PBXFrameworksBuildPhase section */
		341B85A015B950EB007FC45E /* Frameworks */ = {
			isa = PBXFrameworksBuildPhase;
			buildActionMask = 2147483647;
			files = (
				341B85A815B950EB007FC45E /* UIKit.framework in Frameworks */,
				341B85AA15B950EB007FC45E /* Foundation.framework in Frameworks */,
				341B85AC15B950EB007FC45E /* CoreGraphics.framework in Frameworks */,
			);
			runOnlyForDeploymentPostprocessing = 0;
		};
/* End PBXFrameworksBuildPhase section */

/* Begin PBXGroup section */
		341B859815B950EB007FC45E = {
			isa = PBXGroup;
			children = (
				341B85AD15B950EB007FC45E /* Calculator */,
				341B85A615B950EB007FC45E /* Frameworks */,
				341B85A415B950EB007FC45E /* Products */,
			);
			sourceTree = "<group>";
		};
		341B85A415B950EB007FC45E /* Products */ = {
			isa = PBXGroup;
			children = (
				341B85A315B950EB007FC45E /* Calculator.app */,
			);
			name = Products;
			sourceTree = "<group>";
		};
		341B85A615B950EB007FC45E /* Frameworks */ = {
			isa = PBXGroup;
			children = (
				341B85A715B950EB007FC45E /* UIKit.framework */,
				341B85A915B950EB007FC45E /* Foundation.framework */,
				341B85AB15B950EB007FC45E /* CoreGraphics.framework */,
			);
			name = Frameworks;
			sourceTree = "<group>";
		};
		341B85AD15B950EB007FC45E /* Calculator */ = {
			isa = PBXGroup;
			children = (
				341B85B615B950EB007FC45E /* CalculatorAppDelegate.h */,
				341B85B715B950EB007FC45E /* CalculatorAppDelegate.m */,
				341B85B915B950EB007FC45E /* MainStoryboard.storyboard */,
				34F8F43615C906A600B06A81 /* CalculatorBrain.h */,
				34F8F43715C906A600B06A81 /* CalculatorBrain.m */,
				341B85BC15B950EB007FC45E /* CalculatorViewController.h */,
				341B85BD15B950EB007FC45E /* CalculatorViewController.m */,
				341B85AE15B950EB007FC45E /* Supporting Files */,
			);
			path = Calculator;
			sourceTree = "<group>";
		};
		341B85AE15B950EB007FC45E /* Supporting Files */ = {
			isa = PBXGroup;
			children = (
				341B85AF15B950EB007FC45E /* Calculator-Info.plist */,
				341B85B015B950EB007FC45E /* InfoPlist.strings */,
				341B85B315B950EB007FC45E /* main.m */,
				341B85B515B950EB007FC45E /* Calculator-Prefix.pch */,
			);
			name = "Supporting Files";
			sourceTree = "<group>";
		};
/* End PBXGroup section */

/* Begin PBXNativeTarget section */
		341B85A215B950EB007FC45E /* Calculator */ = {
			isa = PBXNativeTarget;
			buildConfigurationList = 341B85C115B950EB007FC45E /* Build configuration list for PBXNativeTarget "Calculator" */;
			buildPhases = (
				341B859F15B950EB007FC45E /* Sources */,
				341B85A015B950EB007FC45E /* Frameworks */,
				341B85A115B950EB007FC45E /* Resources */,
			);
			buildRules = (
			);
			dependencies = (
			);
			name = Calculator;
			productName = Calculator;
			productReference = 341B85A315B950EB007FC45E /* Calculator.app */;
			productType = "com.apple.product-type.application";
		};
/* End PBXNativeTarget section */

/* Begin PBXProject section */
		341B859A15B950EB007FC45E /* Project object */ = {
			isa = PBXProject;
			attributes = {
				CLASSPREFIX = Calculator;
				LastUpgradeCheck = 0430;
				ORGANIZATIONNAME = KeyStoneTech;
			};
			buildConfigurationList = 341B859D15B950EB007FC45E /* Build configuration list for PBXProject "Calculator" */;
			compatibilityVersion = "Xcode 3.2";
			developmentRegion = English;
			hasScannedForEncodings = 0;
			knownRegions = (
				en,
			);
			mainGroup = 341B859815B950EB007FC45E;
			productRefGroup = 341B85A415B950EB007FC45E /* Products */;
			projectDirPath = "";
			projectRoot = "";
			targets = (
				341B85A215B950EB007FC45E /* Calculator */,
			);
		};
/* End PBXProject section */

/* Begin PBXResourcesBuildPhase section */
		341B85A115B950EB007FC45E /* Resources */ = {
			isa = PBXResourcesBuildPhase;
			buildActionMask = 2147483647;
			files = (
				341B85B215B950EB007FC45E /* InfoPlist.strings in Resources */,
				341B85BB15B950EB007FC45E /* MainStoryboard.storyboard in Resources */,
			);
			runOnlyForDeploymentPostprocessing = 0;
		};
/* End PBXResourcesBuildPhase section */

/* Begin PBXSourcesBuildPhase section */
		341B859F15B950EB007FC45E /* Sources */ = {
			isa = PBXSourcesBuildPhase;
			buildActionMask = 2147483647;
			files = (
				341B85B415B950EB007FC45E /* main.m in Sources */,
				341B85B815B950EB007FC45E /* CalculatorAppDelegate.m in Sources */,
				341B85BE15B950EB007FC45E /* CalculatorViewController.m in Sources */,
				34F8F43815C906A600B06A81 /* CalculatorBrain.m in Sources */,
			);
			runOnlyForDeploymentPostprocessing = 0;
		};
/* End PBXSourcesBuildPhase section */

/* Begin PBXVariantGroup section */
		341B85B015B950EB007FC45E /* InfoPlist.strings */ = {
			isa = PBXVariantGroup;
			children = (
				341B85B115B950EB007FC45E /* en */,
			);
			name = InfoPlist.strings;
			sourceTree = "<group>";
		};
		341B85B915B950EB007FC45E /* MainStoryboard.storyboard */ = {
			isa = PBXVariantGroup;
			children = (
				341B85BA15B950EB007FC45E /* en */,
			);
			name = MainStoryboard.storyboard;
			sourceTree = "<group>";
		};
/* End PBXVariantGroup section */

/* Begin XCBuildConfiguration section */
		341B85BF15B950EB007FC45E /* Debug */ = {
			isa = XCBuildConfiguration;
			buildSettings = {
				ALWAYS_SEARCH_USER_PATHS = NO;
				ARCHS = "$(ARCHS_STANDARD_32_BIT)";
				CLANG_ENABLE_OBJC_ARC = YES;
				"CODE_SIGN_IDENTITY[sdk=iphoneos*]" = "iPhone Developer";
				COPY_PHASE_STRIP = NO;
				GCC_C_LANGUAGE_STANDARD = gnu99;
				GCC_DYNAMIC_NO_PIC = NO;
				GCC_OPTIMIZATION_LEVEL = 0;
				GCC_PREPROCESSOR_DEFINITIONS = (
					"DEBUG=1",
					"$(inherited)",
				);
				GCC_SYMBOLS_PRIVATE_EXTERN = NO;
				GCC_VERSION = com.apple.compilers.llvm.clang.1_0;
				GCC_WARN_ABOUT_RETURN_TYPE = YES;
				GCC_WARN_UNINITIALIZED_AUTOS = YES;
				GCC_WARN_UNUSED_VARIABLE = YES;
				IPHONEOS_DEPLOYMENT_TARGET = 5.1;
				SDKROOT = iphoneos;
			};
			name = Debug;
		};
		341B85C015B950EB007FC45E /* Release */ = {
			isa = XCBuildConfiguration;
			buildSettings = {
				ALWAYS_SEARCH_USER_PATHS = NO;
				ARCHS = "$(ARCHS_STANDARD_32_BIT)";
				CLANG_ENABLE_OBJC_ARC = YES;
				"CODE_SIGN_IDENTITY[sdk=iphoneos*]" = "iPhone Developer";
				COPY_PHASE_STRIP = YES;
				GCC_C_LANGUAGE_STANDARD = gnu99;
				GCC_VERSION = com.apple.compilers.llvm.clang.1_0;
				GCC_WARN_ABOUT_RETURN_TYPE = YES;
				GCC_WARN_UNINITIALIZED_AUTOS = YES;
				GCC_WARN_UNUSED_VARIABLE = YES;
				IPHONEOS_DEPLOYMENT_TARGET = 5.1;
				OTHER_CFLAGS = "-DNS_BLOCK_ASSERTIONS=1";
				SDKROOT = iphoneos;
				VALIDATE_PRODUCT = YES;
			};
			name = Release;
		};
		341B85C215B950EB007FC45E /* Debug */ = {
			isa = XCBuildConfiguration;
			buildSettings = {
				GCC_PRECOMPILE_PREFIX_HEADER = YES;
				GCC_PREFIX_HEADER = "Calculator/Calculator-Prefix.pch";
				INFOPLIST_FILE = "Calculator/Calculator-Info.plist";
				PRODUCT_NAME = "$(TARGET_NAME)";
				WRAPPER_EXTENSION = app;
			};
			name = Debug;
		};
		341B85C315B950EB007FC45E /* Release */ = {
			isa = XCBuildConfiguration;
			buildSettings = {
				GCC_PRECOMPILE_PREFIX_HEADER = YES;
				GCC_PREFIX_HEADER = "Calculator/Calculator-Prefix.pch";
				INFOPLIST_FILE = "Calculator/Calculator-Info.plist";
				PRODUCT_NAME = "$(TARGET_NAME)";
				WRAPPER_EXTENSION = app;
			};
			name = Release;
		};
/* End XCBuildConfiguration section */

/* Begin XCConfigurationList section */
		341B859D15B950EB007FC45E /* Build configuration list for PBXProject "Calculator" */ = {
			isa = XCConfigurationList;
			buildConfigurations = (
				341B85BF15B950EB007FC45E /* Debug */,
				341B85C015B950EB007FC45E /* Release */,
			);
			defaultConfigurationIsVisible = 0;
			defaultConfigurationName = Release;
		};
		341B85C115B950EB007FC45E /* Build configuration list for PBXNativeTarget "Calculator" */ = {
			isa = XCConfigurationList;
			buildConfigurations = (
				341B85C215B950EB007FC45E /* Debug */,
				341B85C315B950EB007FC45E /* Release */,
			);
			defaultConfigurationIsVisible = 0;
			defaultConfigurationName = Release;
		};
/* End XCConfigurationList section */
	};
	rootObject = 341B859A15B950EB007FC45E /* Project object */;
}
